
Microsoft Visual Studio Solution File, Format Version 12.00
# Visual Studio Version 17
VisualStudioVersion = 17.0.32112.339
MinimumVisualStudioVersion = 10.0.40219.1
Project("{888888A0-9F3D-457C-B088-3A5042F75D52}") = "Test_Game", "Test_Game.pyproj", "{26503D5A-D9FE-4B35-885E-EC0BDF198AFF}"
EndProject
Global
	GlobalSection(SolutionConfigurationPlatforms) = preSolution
		Debug|Any CPU = Debug|Any CPU
		Release|Any CPU = Release|Any CPU
	EndGlobalSection
	GlobalSection(ProjectConfigurationPlatforms) = postSolution
		{26503D5A-D9FE-4B35-885E-EC0BDF198AFF}.Debug|Any CPU.ActiveCfg = Debug|Any CPU
		{26503D5A-D9FE-4B35-885E-EC0BDF198AFF}.Release|Any CPU.ActiveCfg = Release|Any CPU
	EndGlobalSection
	GlobalSection(SolutionProperties) = preSolution
		HideSolutionNode = FALSE
	EndGlobalSection
	GlobalSection(ExtensibilityGlobals) = postSolution
		SolutionGuid = {1CB2A8B6-27C1-4DC1-9339-9BE9930FBB01}
	EndGlobalSection
EndGlobal
